// !$*UTF8*$!
{
	archiveVersion = 1;
	classes = {
	};
	objectVersion = 50;
	objects = {

/* Begin PBXBuildFile section */
		0012C23C26A43CC400476A6F /* PC_KeyboardApp.swift in Sources */ = {isa = PBXBuildFile; fileRef = 0012C22926A43CC300476A6F /* PC_KeyboardApp.swift */; };
		0012C23D26A43CC400476A6F /* PC_KeyboardApp.swift in Sources */ = {isa = PBXBuildFile; fileRef = 0012C22926A43CC300476A6F /* PC_KeyboardApp.swift */; };
		0012C23E26A43CC400476A6F /* ContentView.swift in Sources */ = {isa = PBXBuildFile; fileRef = 0012C22A26A43CC300476A6F /* ContentView.swift */; };
		0012C23F26A43CC400476A6F /* ContentView.swift in Sources */ = {isa = PBXBuildFile; fileRef = 0012C22A26A43CC300476A6F /* ContentView.swift */; };
		0012C24026A43CC400476A6F /* Assets.xcassets in Resources */ = {isa = PBXBuildFile; fileRef = 0012C22B26A43CC400476A6F /* Assets.xcassets */; };
		0012C24126A43CC400476A6F /* Assets.xcassets in Resources */ = {isa = PBXBuildFile; fileRef = 0012C22B26A43CC400476A6F /* Assets.xcassets */; };
		0012C25326A43D0F00476A6F /* KeyboardViewController.swift in Sources */ = {isa = PBXBuildFile; fileRef = 0012C25226A43D0F00476A6F /* KeyboardViewController.swift */; };
		0012C25726A43D0F00476A6F /* PC Keyboard.appex in Embed App Extensions */ = {isa = PBXBuildFile; fileRef = 0012C25026A43D0F00476A6F /* PC Keyboard.appex */; settings = {ATTRIBUTES = (RemoveHeadersOnCopy, ); }; };
		0049E45526B69CDA009774A6 /* Layouts.swift in Sources */ = {isa = PBXBuildFile; fileRef = 0049E45426B69CDA009774A6 /* Layouts.swift */; };
/* End PBXBuildFile section */

/* Begin PBXContainerItemProxy section */
		0012C25526A43D0F00476A6F /* PBXContainerItemProxy */ = {
			isa = PBXContainerItemProxy;
			containerPortal = 0012C22426A43CC300476A6F /* Project object */;
			proxyType = 1;
			remoteGlobalIDString = 0012C24F26A43D0F00476A6F;
			remoteInfo = "Okay Keyboard";
		};
/* End PBXContainerItemProxy section */

/* Begin PBXCopyFilesBuildPhase section */
		0012C25B26A43D0F00476A6F /* Embed App Extensions */ = {
			isa = PBXCopyFilesBuildPhase;
			buildActionMask = 2147483647;
			dstPath = "";
			dstSubfolderSpec = 13;
			files = (
				0012C25726A43D0F00476A6F /* PC Keyboard.appex in Embed App Extensions */,
			);
			name = "Embed App Extensions";
			runOnlyForDeploymentPostprocessing = 0;
		};
/* End PBXCopyFilesBuildPhase section */

/* Begin PBXFileReference section */
		0012C22926A43CC300476A6F /* PC_KeyboardApp.swift */ = {isa = PBXFileReference; lastKnownFileType = sourcecode.swift; path = PC_KeyboardApp.swift; sourceTree = "<group>"; };
		0012C22A26A43CC300476A6F /* ContentView.swift */ = {isa = PBXFileReference; lastKnownFileType = sourcecode.swift; path = ContentView.swift; sourceTree = "<group>"; };
		0012C22B26A43CC400476A6F /* Assets.xcassets */ = {isa = PBXFileReference; lastKnownFileType = folder.assetcatalog; path = Assets.xcassets; sourceTree = "<group>"; };
		0012C23026A43CC400476A6F /* PC Keyboard App.app */ = {isa = PBXFileReference; explicitFileType = wrapper.application; includeInIndex = 0; path = "PC Keyboard App.app"; sourceTree = BUILT_PRODUCTS_DIR; };
		0012C23326A43CC400476A6F /* Info.plist */ = {isa = PBXFileReference; lastKnownFileType = text.plist.xml; path = Info.plist; sourceTree = "<group>"; };
		0012C23826A43CC400476A6F /* PC  Keyboard.app */ = {isa = PBXFileReference; explicitFileType = wrapper.application; includeInIndex = 0; path = "PC  Keyboard.app"; sourceTree = BUILT_PRODUCTS_DIR; };
		0012C23A26A43CC400476A6F /* Info.plist */ = {isa = PBXFileReference; lastKnownFileType = text.plist.xml; path = Info.plist; sourceTree = "<group>"; };
		0012C23B26A43CC400476A6F /* macOS.entitlements */ = {isa = PBXFileReference; lastKnownFileType = text.plist.entitlements; path = macOS.entitlements; sourceTree = "<group>"; };
		0012C25026A43D0F00476A6F /* PC Keyboard.appex */ = {isa = PBXFileReference; explicitFileType = "wrapper.app-extension"; includeInIndex = 0; path = "PC Keyboard.appex"; sourceTree = BUILT_PRODUCTS_DIR; };
		0012C25226A43D0F00476A6F /* KeyboardViewController.swift */ = {isa = PBXFileReference; lastKnownFileType = sourcecode.swift; path = KeyboardViewController.swift; sourceTree = "<group>"; };
		0012C25426A43D0F00476A6F /* Info.plist */ = {isa = PBXFileReference; lastKnownFileType = text.plist.xml; path = Info.plist; sourceTree = "<group>"; };
		0049E45426B69CDA009774A6 /* Layouts.swift */ = {isa = PBXFileReference; lastKnownFileType = sourcecode.swift; path = Layouts.swift; sourceTree = "<group>"; };
/* End PBXFileReference section */

/* Begin PBXFrameworksBuildPhase section */
		0012C22D26A43CC400476A6F /* Frameworks */ = {
			isa = PBXFrameworksBuildPhase;
			buildActionMask = 2147483647;
			files = (
			);
			runOnlyForDeploymentPostprocessing = 0;
		};
		0012C23526A43CC400476A6F /* Frameworks */ = {
			isa = PBXFrameworksBuildPhase;
			buildActionMask = 2147483647;
			files = (
			);
			runOnlyForDeploymentPostprocessing = 0;
		};
		0012C24D26A43D0F00476A6F /* Frameworks */ = {
			isa = PBXFrameworksBuildPhase;
			buildActionMask = 2147483647;
			files = (
			);
			runOnlyForDeploymentPostprocessing = 0;
		};
/* End PBXFrameworksBuildPhase section */

/* Begin PBXGroup section */
		0012C22326A43CC300476A6F = {
			isa = PBXGroup;
			children = (
				0012C22826A43CC300476A6F /* Shared */,
				0012C23226A43CC400476A6F /* iOS */,
				0012C23926A43CC400476A6F /* macOS */,
				0012C25126A43D0F00476A6F /* PC Keyboard */,
				0012C23126A43CC400476A6F /* Products */,
			);
			sourceTree = "<group>";
		};
		0012C22826A43CC300476A6F /* Shared */ = {
			isa = PBXGroup;
			children = (
				0012C22926A43CC300476A6F /* PC_KeyboardApp.swift */,
				0012C22A26A43CC300476A6F /* ContentView.swift */,
				0012C22B26A43CC400476A6F /* Assets.xcassets */,
			);
			path = Shared;
			sourceTree = "<group>";
		};
		0012C23126A43CC400476A6F /* Products */ = {
			isa = PBXGroup;
			children = (
				0012C23026A43CC400476A6F /* PC Keyboard App.app */,
				0012C23826A43CC400476A6F /* PC  Keyboard.app */,
				0012C25026A43D0F00476A6F /* PC Keyboard.appex */,
			);
			name = Products;
			sourceTree = "<group>";
		};
		0012C23226A43CC400476A6F /* iOS */ = {
			isa = PBXGroup;
			children = (
				0012C23326A43CC400476A6F /* Info.plist */,
			);
			path = iOS;
			sourceTree = "<group>";
		};
		0012C23926A43CC400476A6F /* macOS */ = {
			isa = PBXGroup;
			children = (
				0012C23A26A43CC400476A6F /* Info.plist */,
				0012C23B26A43CC400476A6F /* macOS.entitlements */,
			);
			path = macOS;
			sourceTree = "<group>";
		};
		0012C25126A43D0F00476A6F /* PC Keyboard */ = {
			isa = PBXGroup;
			children = (
				0012C25226A43D0F00476A6F /* KeyboardViewController.swift */,
				0012C25426A43D0F00476A6F /* Info.plist */,
				0049E45426B69CDA009774A6 /* Layouts.swift */,
			);
			path = "PC Keyboard";
			sourceTree = "<group>";
		};
/* End PBXGroup section */

/* Begin PBXNativeTarget section */
		0012C22F26A43CC400476A6F /* PC Keyboard (iOS) */ = {
			isa = PBXNativeTarget;
			buildConfigurationList = 0012C24426A43CC400476A6F /* Build configuration list for PBXNativeTarget "PC Keyboard (iOS)" */;
			buildPhases = (
				0012C22C26A43CC400476A6F /* Sources */,
				0012C22D26A43CC400476A6F /* Frameworks */,
				0012C22E26A43CC400476A6F /* Resources */,
				0012C25B26A43D0F00476A6F /* Embed App Extensions */,
			);
			buildRules = (
			);
			dependencies = (
				0012C25626A43D0F00476A6F /* PBXTargetDependency */,
			);
			name = "PC Keyboard (iOS)";
			productName = "Okay Keyboard (iOS)";
			productReference = 0012C23026A43CC400476A6F /* PC Keyboard App.app */;
			productType = "com.apple.product-type.application";
		};
		0012C23726A43CC400476A6F /* PC Keyboard (macOS) */ = {
			isa = PBXNativeTarget;
			buildConfigurationList = 0012C24726A43CC400476A6F /* Build configuration list for PBXNativeTarget "PC Keyboard (macOS)" */;
			buildPhases = (
				0012C23426A43CC400476A6F /* Sources */,
				0012C23526A43CC400476A6F /* Frameworks */,
				0012C23626A43CC400476A6F /* Resources */,
			);
			buildRules = (
			);
			dependencies = (
			);
			name = "PC Keyboard (macOS)";
			productName = "Okay Keyboard (macOS)";
			productReference = 0012C23826A43CC400476A6F /* PC  Keyboard.app */;
			productType = "com.apple.product-type.application";
		};
		0012C24F26A43D0F00476A6F /* PC Keyboard */ = {
			isa = PBXNativeTarget;
			buildConfigurationList = 0012C25826A43D0F00476A6F /* Build configuration list for PBXNativeTarget "PC Keyboard" */;
			buildPhases = (
				0012C24C26A43D0F00476A6F /* Sources */,
				0012C24D26A43D0F00476A6F /* Frameworks */,
				0012C24E26A43D0F00476A6F /* Resources */,
			);
			buildRules = (
			);
			dependencies = (
			);
			name = "PC Keyboard";
			productName = "Okay Keyboard";
			productReference = 0012C25026A43D0F00476A6F /* PC Keyboard.appex */;
			productType = "com.apple.product-type.app-extension";
		};
/* End PBXNativeTarget section */

/* Begin PBXProject section */
		0012C22426A43CC300476A6F /* Project object */ = {
			isa = PBXProject;
			attributes = {
				LastSwiftUpdateCheck = 1240;
				LastUpgradeCheck = 1250;
				TargetAttributes = {
					0012C22F26A43CC400476A6F = {
						CreatedOnToolsVersion = 12.4;
					};
					0012C23726A43CC400476A6F = {
						CreatedOnToolsVersion = 12.4;
					};
					0012C24F26A43D0F00476A6F = {
						CreatedOnToolsVersion = 12.4;
					};
				};
			};
			buildConfigurationList = 0012C22726A43CC300476A6F /* Build configuration list for PBXProject "PC Keyboard" */;
			compatibilityVersion = "Xcode 9.3";
			developmentRegion = en;
			hasScannedForEncodings = 0;
			knownRegions = (
				en,
				Base,
			);
			mainGroup = 0012C22326A43CC300476A6F;
			productRefGroup = 0012C23126A43CC400476A6F /* Products */;
			projectDirPath = "";
			projectRoot = "";
			targets = (
				0012C22F26A43CC400476A6F /* PC Keyboard (iOS) */,
				0012C23726A43CC400476A6F /* PC Keyboard (macOS) */,
				0012C24F26A43D0F00476A6F /* PC Keyboard */,
			);
		};
/* End PBXProject section */

/* Begin PBXResourcesBuildPhase section */
		0012C22E26A43CC400476A6F /* Resources */ = {
			isa = PBXResourcesBuildPhase;
			buildActionMask = 2147483647;
			files = (
				0012C24026A43CC400476A6F /* Assets.xcassets in Resources */,
			);
			runOnlyForDeploymentPostprocessing = 0;
		};
		0012C23626A43CC400476A6F /* Resources */ = {
			isa = PBXResourcesBuildPhase;
			buildActionMask = 2147483647;
			files = (
				0012C24126A43CC400476A6F /* Assets.xcassets in Resources */,
			);
			runOnlyForDeploymentPostprocessing = 0;
		};
		0012C24E26A43D0F00476A6F /* Resources */ = {
			isa = PBXResourcesBuildPhase;
			buildActionMask = 2147483647;
			files = (
			);
			runOnlyForDeploymentPostprocessing = 0;
		};
/* End PBXResourcesBuildPhase section */

/* Begin PBXSourcesBuildPhase section */
		0012C22C26A43CC400476A6F /* Sources */ = {
			isa = PBXSourcesBuildPhase;
			buildActionMask = 2147483647;
			files = (
				0012C23E26A43CC400476A6F /* ContentView.swift in Sources */,
				0012C23C26A43CC400476A6F /* PC_KeyboardApp.swift in Sources */,
			);
			runOnlyForDeploymentPostprocessing = 0;
		};
		0012C23426A43CC400476A6F /* Sources */ = {
			isa = PBXSourcesBuildPhase;
			buildActionMask = 2147483647;
			files = (
				0012C23F26A43CC400476A6F /* ContentView.swift in Sources */,
				0012C23D26A43CC400476A6F /* PC_KeyboardApp.swift in Sources */,
			);
			runOnlyForDeploymentPostprocessing = 0;
		};
		0012C24C26A43D0F00476A6F /* Sources */ = {
			isa = PBXSourcesBuildPhase;
			buildActionMask = 2147483647;
			files = (
				0012C25326A43D0F00476A6F /* KeyboardViewController.swift in Sources */,
				0049E45526B69CDA009774A6 /* Layouts.swift in Sources */,
			);
			runOnlyForDeploymentPostprocessing = 0;
		};
/* End PBXSourcesBuildPhase section */

/* Begin PBXTargetDependency section */
		0012C25626A43D0F00476A6F /* PBXTargetDependency */ = {
			isa = PBXTargetDependency;
			target = 0012C24F26A43D0F00476A6F /* PC Keyboard */;
			targetProxy = 0012C25526A43D0F00476A6F /* PBXContainerItemProxy */;
		};
/* End PBXTargetDependency section */

/* Begin XCBuildConfiguration section */
		0012C24226A43CC400476A6F /* Debug */ = {
			isa = XCBuildConfiguration;
			buildSettings = {
				ALWAYS_SEARCH_USER_PATHS = NO;
				CLANG_ANALYZER_NONNULL = YES;
				CLANG_ANALYZER_NUMBER_OBJECT_CONVERSION = YES_AGGRESSIVE;
				CLANG_CXX_LANGUAGE_STANDARD = "gnu++14";
				CLANG_CXX_LIBRARY = "libc++";
				CLANG_ENABLE_MODULES = YES;
				CLANG_ENABLE_OBJC_ARC = YES;
				CLANG_ENABLE_OBJC_WEAK = YES;
				CLANG_WARN_BLOCK_CAPTURE_AUTORELEASING = YES;
				CLANG_WARN_BOOL_CONVERSION = YES;
				CLANG_WARN_COMMA = YES;
				CLANG_WARN_CONSTANT_CONVERSION = YES;
				CLANG_WARN_DEPRECATED_OBJC_IMPLEMENTATIONS = YES;
				CLANG_WARN_DIRECT_OBJC_ISA_USAGE = YES_ERROR;
				CLANG_WARN_DOCUMENTATION_COMMENTS = YES;
				CLANG_WARN_EMPTY_BODY = YES;
				CLANG_WARN_ENUM_CONVERSION = YES;
				CLANG_WARN_INFINITE_RECURSION = YES;
				CLANG_WARN_INT_CONVERSION = YES;
				CLANG_WARN_NON_LITERAL_NULL_CONVERSION = YES;
				CLANG_WARN_OBJC_IMPLICIT_RETAIN_SELF = YES;
				CLANG_WARN_OBJC_LITERAL_CONVERSION = YES;
				CLANG_WARN_OBJC_ROOT_CLASS = YES_ERROR;
				CLANG_WARN_QUOTED_INCLUDE_IN_FRAMEWORK_HEADER = YES;
				CLANG_WARN_RANGE_LOOP_ANALYSIS = YES;
				CLANG_WARN_STRICT_PROTOTYPES = YES;
				CLANG_WARN_SUSPICIOUS_MOVE = YES;
				CLANG_WARN_UNGUARDED_AVAILABILITY = YES_AGGRESSIVE;
				CLANG_WARN_UNREACHABLE_CODE = YES;
				CLANG_WARN__DUPLICATE_METHOD_MATCH = YES;
				COPY_PHASE_STRIP = NO;
				DEBUG_INFORMATION_FORMAT = dwarf;
				ENABLE_STRICT_OBJC_MSGSEND = YES;
				ENABLE_TESTABILITY = YES;
				GCC_C_LANGUAGE_STANDARD = gnu11;
				GCC_DYNAMIC_NO_PIC = NO;
				GCC_NO_COMMON_BLOCKS = YES;
				GCC_OPTIMIZATION_LEVEL = 0;
				GCC_PREPROCESSOR_DEFINITIONS = (
					"DEBUG=1",
					"$(inherited)",
				);
				GCC_WARN_64_TO_32_BIT_CONVERSION = YES;
				GCC_WARN_ABOUT_RETURN_TYPE = YES_ERROR;
				GCC_WARN_UNDECLARED_SELECTOR = YES;
				GCC_WARN_UNINITIALIZED_AUTOS = YES_AGGRESSIVE;
				GCC_WARN_UNUSED_FUNCTION = YES;
				GCC_WARN_UNUSED_VARIABLE = YES;
				MTL_ENABLE_DEBUG_INFO = INCLUDE_SOURCE;
				MTL_FAST_MATH = YES;
				ONLY_ACTIVE_ARCH = YES;
				SWIFT_ACTIVE_COMPILATION_CONDITIONS = DEBUG;
				SWIFT_OPTIMIZATION_LEVEL = "-Onone";
			};
			name = Debug;
		};
		0012C24326A43CC400476A6F /* Release */ = {
			isa = XCBuildConfiguration;
			buildSettings = {
				ALWAYS_SEARCH_USER_PATHS = NO;
				CLANG_ANALYZER_NONNULL = YES;
				CLANG_ANALYZER_NUMBER_OBJECT_CONVERSION = YES_AGGRESSIVE;
				CLANG_CXX_LANGUAGE_STANDARD = "gnu++14";
				CLANG_CXX_LIBRARY = "libc++";
				CLANG_ENABLE_MODULES = YES;
				CLANG_ENABLE_OBJC_ARC = YES;
				CLANG_ENABLE_OBJC_WEAK = YES;
				CLANG_WARN_BLOCK_CAPTURE_AUTORELEASING = YES;
				CLANG_WARN_BOOL_CONVERSION = YES;
				CLANG_WARN_COMMA = YES;
				CLANG_WARN_CONSTANT_CONVERSION = YES;
				CLANG_WARN_DEPRECATED_OBJC_IMPLEMENTATIONS = YES;
				CLANG_WARN_DIRECT_OBJC_ISA_USAGE = YES_ERROR;
				CLANG_WARN_DOCUMENTATION_COMMENTS = YES;
				CLANG_WARN_EMPTY_BODY = YES;
				CLANG_WARN_ENUM_CONVERSION = YES;
				CLANG_WARN_INFINITE_RECURSION = YES;
				CLANG_WARN_INT_CONVERSION = YES;
				CLANG_WARN_NON_LITERAL_NULL_CONVERSION = YES;
				CLANG_WARN_OBJC_IMPLICIT_RETAIN_SELF = YES;
				CLANG_WARN_OBJC_LITERAL_CONVERSION = YES;
				CLANG_WARN_OBJC_ROOT_CLASS = YES_ERROR;
				CLANG_WARN_QUOTED_INCLUDE_IN_FRAMEWORK_HEADER = YES;
				CLANG_WARN_RANGE_LOOP_ANALYSIS = YES;
				CLANG_WARN_STRICT_PROTOTYPES = YES;
				CLANG_WARN_SUSPICIOUS_MOVE = YES;
				CLANG_WARN_UNGUARDED_AVAILABILITY = YES_AGGRESSIVE;
				CLANG_WARN_UNREACHABLE_CODE = YES;
				CLANG_WARN__DUPLICATE_METHOD_MATCH = YES;
				COPY_PHASE_STRIP = NO;
				DEBUG_INFORMATION_FORMAT = "dwarf-with-dsym";
				ENABLE_NS_ASSERTIONS = NO;
				ENABLE_STRICT_OBJC_MSGSEND = YES;
				GCC_C_LANGUAGE_STANDARD = gnu11;
				GCC_NO_COMMON_BLOCKS = YES;
				GCC_WARN_64_TO_32_BIT_CONVERSION = YES;
				GCC_WARN_ABOUT_RETURN_TYPE = YES_ERROR;
				GCC_WARN_UNDECLARED_SELECTOR = YES;
				GCC_WARN_UNINITIALIZED_AUTOS = YES_AGGRESSIVE;
				GCC_WARN_UNUSED_FUNCTION = YES;
				GCC_WARN_UNUSED_VARIABLE = YES;
				MTL_ENABLE_DEBUG_INFO = NO;
				MTL_FAST_MATH = YES;
				SWIFT_COMPILATION_MODE = wholemodule;
				SWIFT_OPTIMIZATION_LEVEL = "-O";
			};
			name = Release;
		};
		0012C24526A43CC400476A6F /* Debug */ = {
			isa = XCBuildConfiguration;
			buildSettings = {
				ALWAYS_EMBED_SWIFT_STANDARD_LIBRARIES = YES;
				ASSETCATALOG_COMPILER_APPICON_NAME = AppIcon;
				ASSETCATALOG_COMPILER_GLOBAL_ACCENT_COLOR_NAME = AccentColor;
				CODE_SIGN_STYLE = Automatic;
				DEVELOPMENT_TEAM = 8435649556;
				ENABLE_PREVIEWS = YES;
				INFOPLIST_FILE = iOS/Info.plist;
				IPHONEOS_DEPLOYMENT_TARGET = 14.0;
				LD_RUNPATH_SEARCH_PATHS = (
					"$(inherited)",
					"@executable_path/Frameworks",
				);
				OTHER_SWIFT_FLAGS = "";
				PRODUCT_BUNDLE_IDENTIFIER = com.binarystudio.keyboard;
				PRODUCT_NAME = "PC Keyboard App";
				SDKROOT = iphoneos;
				SWIFT_VERSION = 5.0;
				TARGETED_DEVICE_FAMILY = 1;
			};
			name = Debug;
		};
		0012C24626A43CC400476A6F /* Release */ = {
			isa = XCBuildConfiguration;
			buildSettings = {
				ALWAYS_EMBED_SWIFT_STANDARD_LIBRARIES = YES;
				ASSETCATALOG_COMPILER_APPICON_NAME = AppIcon;
				ASSETCATALOG_COMPILER_GLOBAL_ACCENT_COLOR_NAME = AccentColor;
				CODE_SIGN_STYLE = Automatic;
				DEVELOPMENT_TEAM = 8435649556;
				ENABLE_PREVIEWS = YES;
				INFOPLIST_FILE = iOS/Info.plist;
				IPHONEOS_DEPLOYMENT_TARGET = 14.0;
				LD_RUNPATH_SEARCH_PATHS = (
					"$(inherited)",
					"@executable_path/Frameworks",
				);
				OTHER_SWIFT_FLAGS = "";
				PRODUCT_BUNDLE_IDENTIFIER = com.binarystudio.keyboard;
				PRODUCT_NAME = "PC Keyboard App";
				SDKROOT = iphoneos;
				SWIFT_VERSION = 5.0;
				TARGETED_DEVICE_FAMILY = 1;
				VALIDATE_PRODUCT = YES;
			};
			name = Release;
		};
		0012C24826A43CC400476A6F /* Debug */ = {
			isa = XCBuildConfiguration;
			buildSettings = {
				ASSETCATALOG_COMPILER_APPICON_NAME = AppIcon;
				ASSETCATALOG_COMPILER_GLOBAL_ACCENT_COLOR_NAME = AccentColor;
				CODE_SIGN_ENTITLEMENTS = macOS/macOS.entitlements;
				CODE_SIGN_IDENTITY = "-";
				CODE_SIGN_STYLE = Automatic;
				COMBINE_HIDPI_IMAGES = YES;
				DEVELOPMENT_TEAM = 8435649556;
				ENABLE_HARDENED_RUNTIME = YES;
				ENABLE_PREVIEWS = YES;
				INFOPLIST_FILE = macOS/Info.plist;
				LD_RUNPATH_SEARCH_PATHS = (
					"$(inherited)",
					"@executable_path/../Frameworks",
				);
				MACOSX_DEPLOYMENT_TARGET = 11.0;
				PRODUCT_BUNDLE_IDENTIFIER = com.binarystudio.keyboard.macos;
				PRODUCT_NAME = "PC  Keyboard";
				SDKROOT = macosx;
				SWIFT_VERSION = 5.0;
			};
			name = Debug;
		};
		0012C24926A43CC400476A6F /* Release */ = {
			isa = XCBuildConfiguration;
			buildSettings = {
				ASSETCATALOG_COMPILER_APPICON_NAME = AppIcon;
				ASSETCATALOG_COMPILER_GLOBAL_ACCENT_COLOR_NAME = AccentColor;
				CODE_SIGN_ENTITLEMENTS = macOS/macOS.entitlements;
				CODE_SIGN_IDENTITY = "-";
				CODE_SIGN_STYLE = Automatic;
				COMBINE_HIDPI_IMAGES = YES;
				DEVELOPMENT_TEAM = 8435649556;
				ENABLE_HARDENED_RUNTIME = YES;
				ENABLE_PREVIEWS = YES;
				INFOPLIST_FILE = macOS/Info.plist;
				LD_RUNPATH_SEARCH_PATHS = (
					"$(inherited)",
					"@executable_path/../Frameworks",
				);
				MACOSX_DEPLOYMENT_TARGET = 11.0;
				PRODUCT_BUNDLE_IDENTIFIER = com.binarystudio.keyboard.macos;
				PRODUCT_NAME = "PC  Keyboard";
				SDKROOT = macosx;
				SWIFT_VERSION = 5.0;
			};
			name = Release;
		};
		0012C25926A43D0F00476A6F /* Debug */ = {
			isa = XCBuildConfiguration;
			buildSettings = {
				CODE_SIGN_STYLE = Automatic;
				DEVELOPMENT_TEAM = 8435649556;
				INFOPLIST_FILE = "PC Keyboard/Info.plist";
				IPHONEOS_DEPLOYMENT_TARGET = 14.4;
				LD_RUNPATH_SEARCH_PATHS = (
					"$(inherited)",
					"@executable_path/Frameworks",
					"@executable_path/../../Frameworks",
				);
				OTHER_SWIFT_FLAGS = "-Xfrontend -warn-long-expression-type-checking=100 -Xfrontend -warn-long-function-bodies=100";
				PRODUCT_BUNDLE_IDENTIFIER = com.binarystudio.keyboard.embedded;
				PRODUCT_NAME = "$(TARGET_NAME)";
				SDKROOT = iphoneos;
				SKIP_INSTALL = YES;
				SWIFT_VERSION = 5.0;
				TARGETED_DEVICE_FAMILY = 1;
			};
			name = Debug;
		};
		0012C25A26A43D0F00476A6F /* Release */ = {
			isa = XCBuildConfiguration;
			buildSettings = {
				CODE_SIGN_STYLE = Automatic;
				DEVELOPMENT_TEAM = 8435649556;
				INFOPLIST_FILE = "PC Keyboard/Info.plist";
				IPHONEOS_DEPLOYMENT_TARGET = 14.4;
				LD_RUNPATH_SEARCH_PATHS = (
					"$(inherited)",
					"@executable_path/Frameworks",
					"@executable_path/../../Frameworks",
				);
				PRODUCT_BUNDLE_IDENTIFIER = com.binarystudio.keyboard.embedded;
				PRODUCT_NAME = "$(TARGET_NAME)";
				SDKROOT = iphoneos;
				SKIP_INSTALL = YES;
				SWIFT_VERSION = 5.0;
				TARGETED_DEVICE_FAMILY = 1;
				VALIDATE_PRODUCT = YES;
			};
			name = Release;
		};
/* End XCBuildConfiguration section */

/* Begin XCConfigurationList section */
		0012C22726A43CC300476A6F /* Build configuration list for PBXProject "PC Keyboard" */ = {
			isa = XCConfigurationList;
			buildConfigurations = (
				0012C24226A43CC400476A6F /* Debug */,
				0012C24326A43CC400476A6F /* Release */,
			);
			defaultConfigurationIsVisible = 0;
			defaultConfigurationName = Release;
		};
		0012C24426A43CC400476A6F /* Build configuration list for PBXNativeTarget "PC Keyboard (iOS)" */ = {
			isa = XCConfigurationList;
			buildConfigurations = (
				0012C24526A43CC400476A6F /* Debug */,
				0012C24626A43CC400476A6F /* Release */,
			);
			defaultConfigurationIsVisible = 0;
			defaultConfigurationName = Release;
		};
		0012C24726A43CC400476A6F /* Build configuration list for PBXNativeTarget "PC Keyboard (macOS)" */ = {
			isa = XCConfigurationList;
			buildConfigurations = (
				0012C24826A43CC400476A6F /* Debug */,
				0012C24926A43CC400476A6F /* Release */,
			);
			defaultConfigurationIsVisible = 0;
			defaultConfigurationName = Release;
		};
		0012C25826A43D0F00476A6F /* Build configuration list for PBXNativeTarget "PC Keyboard" */ = {
			isa = XCConfigurationList;
			buildConfigurations = (
				0012C25926A43D0F00476A6F /* Debug */,
				0012C25A26A43D0F00476A6F /* Release */,
			);
			defaultConfigurationIsVisible = 0;
			defaultConfigurationName = Release;
		};
/* End XCConfigurationList section */
	};
	rootObject = 0012C22426A43CC300476A6F /* Project object */;
}
